# Generated by pub
# See https://dart.dev/tools/pub/glossary#lockfile
packages:
  alfred:
    dependency: transitive
    description:
      name: alfred
      sha256: cecd070b75d10eacce2c2148f7ffd489bf85faea4b12cfa608a3428febdaf6ca
      url: "https://pub.dev"
    source: hosted
    version: "1.1.2+1"
  async:
    dependency: transitive
    description:
      name: async
      sha256: "758e6d74e971c3e5aceb4110bfd6698efc7f501675bcfe0c775459a8140750eb"
      url: "https://pub.dev"
    source: hosted
    version: "2.13.0"
  collection:
    dependency: transitive
    description:
      name: collection
      sha256: "2f5709ae4d3d59dd8f7cd309b4e023046b57d8a6c82130785d2b0e5868084e76"
      url: "https://pub.dev"
    source: hosted
    version: "1.19.1"
  crypto:
    dependency: transitive
    description:
      name: crypto
      sha256: c8ea0233063ba03258fbcf2ca4d6dadfefe14f02fab57702265467a19f27fadf
      url: "https://pub.dev"
    source: hosted
    version: "3.0.7"
  dart_mappable:
    dependency: transitive
    description:
      name: dart_mappable
      sha256: "2255b2c00e328a65fef5a8df2dabfc0dc9c2e518c33a50051a4519b1c7a28c48"
      url: "https://pub.dev"
    source: hosted
    version: "4.5.0"
  emojis:
    dependency: transitive
    description:
      name: emojis
      sha256: "2e4d847c3f1e2670f30dc355909ce6fa7808b4e626c34a4dd503a360995a38bf"
      url: "https://pub.dev"
    source: hosted
    version: "0.9.9"
  locmate:
    dependency: "direct main"
    description:
      path: "../packages/locmate"
      relative: true
    source: path
    version: "0.0.2"
  meta:
    dependency: transitive
    description:
      name: meta
      sha256: e3641ec5d63ebf0d9b41bd43201a66e3fc79a65db5f61fc181f04cd27aab950c
      url: "https://pub.dev"
    source: hosted
    version: "1.16.0"
  mime:
    dependency: transitive
    description:
      name: mime
      sha256: "801fd0b26f14a4a58ccb09d5892c3fbdeff209594300a542492cf13fba9d247a"
      url: "https://pub.dev"
    source: hosted
    version: "1.0.6"
  mime_type:
    dependency: transitive
    description:
      name: mime_type
      sha256: d652b613e84dac1af28030a9fba82c0999be05b98163f9e18a0849c6e63838bb
      url: "https://pub.dev"
    source: hosted
    version: "1.0.1"
  path:
    dependency: transitive
    description:
      name: path
      sha256: "75cca69d1490965be98c73ceaea117e8a04dd21217b37b292c9ddbec0d955bc5"
      url: "https://pub.dev"
    source: hosted
    version: "1.9.1"
  queue:
    dependency: transitive
    description:
      name: queue
      sha256: "9bc29632072f4dac6cd0056acbb63361f654e2def9ceb4b08cfe0f9cf5618409"
      url: "https://pub.dev"
    source: hosted
    version: "3.4.0"
  stream_channel:
    dependency: transitive
    description:
      name: stream_channel
      sha256: "969e04c80b8bcdf826f8f16579c7b14d780458bd97f56d107d3950fdbeef059d"
      url: "https://pub.dev"
    source: hosted
    version: "2.1.4"
  tint:
    dependency: transitive
    description:
      name: tint
      sha256: "9652d9a589f4536d5e392cf790263d120474f15da3cf1bee7f1fdb31b4de5f46"
      url: "https://pub.dev"
    source: hosted
    version: "2.0.1"
  type_plus:
    dependency: transitive
    description:
      name: type_plus
      sha256: d5d1019471f0d38b91603adb9b5fd4ce7ab903c879d2fbf1a3f80a630a03fcc9
      url: "https://pub.dev"
    source: hosted
    version: "2.1.1"
  typed_data:
    dependency: transitive
    description:
      name: typed_data
      sha256: f9049c039ebfeb4cf7a7104a675823cd72dba8297f264b6637062516699fa006
      url: "https://pub.dev"
    source: hosted
    version: "1.4.0"
  web:
    dependency: transitive
    description:
      name: web
      sha256: "868d88a33d8a87b18ffc05f9f030ba328ffefba92d6c127917a2ba740f9cfe4a"
      url: "https://pub.dev"
    source: hosted
    version: "1.1.1"
  web_socket:
    dependency: transitive
    description:
      name: web_socket
      sha256: "34d64019aa8e36bf9842ac014bb5d2f5586ca73df5e4d9bf5c936975cae6982c"
      url: "https://pub.dev"
    source: hosted
    version: "1.0.1"
  web_socket_channel:
    dependency: transitive
    description:
      name: web_socket_channel
      sha256: d645757fb0f4773d602444000a8131ff5d48c9e47adfe9772652dd1a4f2d45c8
      url: "https://pub.dev"
    source: hosted
    version: "3.0.3"
sdks:
  dart: ">=3.9.2 <4.0.0"
